
Microsoft Visual Studio Solution File, Format Version 12.00
# Visual Studio 15
VisualStudioVersion = 15.0.26730.12
MinimumVisualStudioVersion = 10.0.40219.1
Project("{2150E333-8FDC-42A3-9474-1A3956D46DE8}") = "root", "root", "{09DCB2D4-6DEF-4F58-B8C3-3E4662CAB3D9}"
	ProjectSection(SolutionItems) = preProject
		LICENSE.md = LICENSE.md
		README.md = README.md
	EndProjectSection
EndProject
Project("{9A19103F-16F7-4668-BE54-9A1E7A4F7556}") = "CapnpNet", "CapnpNet\CapnpNet.csproj", "{ACF2B92C-ECE6-4955-A100-3DB2FCFFEB50}"
EndProject
Project("{9A19103F-16F7-4668-BE54-9A1E7A4F7556}") = "CapnpNet.Schema", "CapnpNet.Schema\CapnpNet.Schema.csproj", "{5599C64E-D725-48C9-87E8-75689C51D05D}"
EndProject
Project("{9A19103F-16F7-4668-BE54-9A1E7A4F7556}") = "CapnpNet.Tests", "CapnpNet.Tests\CapnpNet.Tests.csproj", "{BC1FF259-DDFF-4200-9B4A-D2F9099B6C49}"
EndProject
Project("{9A19103F-16F7-4668-BE54-9A1E7A4F7556}") = "CapnpNet.Schema.Compiler", "CapnpNet.Schema.Compiler\CapnpNet.Schema.Compiler.csproj", "{849D5E43-8153-45D3-BE77-04773F00B6AF}"
EndProject
Global
	GlobalSection(SolutionConfigurationPlatforms) = preSolution
		Debug|Any CPU = Debug|Any CPU
		Release|Any CPU = Release|Any CPU
	EndGlobalSection
	GlobalSection(ProjectConfigurationPlatforms) = postSolution
		{ACF2B92C-ECE6-4955-A100-3DB2FCFFEB50}.Debug|Any CPU.ActiveCfg = Debug|Any CPU
		{ACF2B92C-ECE6-4955-A100-3DB2FCFFEB50}.Debug|Any CPU.Build.0 = Debug|Any CPU
		{ACF2B92C-ECE6-4955-A100-3DB2FCFFEB50}.Release|Any CPU.ActiveCfg = Release|Any CPU
		{ACF2B92C-ECE6-4955-A100-3DB2FCFFEB50}.Release|Any CPU.Build.0 = Release|Any CPU
		{5599C64E-D725-48C9-87E8-75689C51D05D}.Debug|Any CPU.ActiveCfg = Debug|Any CPU
		{5599C64E-D725-48C9-87E8-75689C51D05D}.Debug|Any CPU.Build.0 = Debug|Any CPU
		{5599C64E-D725-48C9-87E8-75689C51D05D}.Release|Any CPU.ActiveCfg = Release|Any CPU
		{5599C64E-D725-48C9-87E8-75689C51D05D}.Release|Any CPU.Build.0 = Release|Any CPU
		{BC1FF259-DDFF-4200-9B4A-D2F9099B6C49}.Debug|Any CPU.ActiveCfg = Debug|Any CPU
		{BC1FF259-DDFF-4200-9B4A-D2F9099B6C49}.Debug|Any CPU.Build.0 = Debug|Any CPU
		{BC1FF259-DDFF-4200-9B4A-D2F9099B6C49}.Release|Any CPU.ActiveCfg = Release|Any CPU
		{BC1FF259-DDFF-4200-9B4A-D2F9099B6C49}.Release|Any CPU.Build.0 = Release|Any CPU
		{849D5E43-8153-45D3-BE77-04773F00B6AF}.Debug|Any CPU.ActiveCfg = Debug|Any CPU
		{849D5E43-8153-45D3-BE77-04773F00B6AF}.Debug|Any CPU.Build.0 = Debug|Any CPU
		{849D5E43-8153-45D3-BE77-04773F00B6AF}.Release|Any CPU.ActiveCfg = Release|Any CPU
		{849D5E43-8153-45D3-BE77-04773F00B6AF}.Release|Any CPU.Build.0 = Release|Any CPU
	EndGlobalSection
	GlobalSection(SolutionProperties) = preSolution
		HideSolutionNode = FALSE
	EndGlobalSection
	GlobalSection(ExtensibilityGlobals) = postSolution
		SolutionGuid = {6D9F5F45-5ABE-4A57-B71D-7A42EA05DC5B}
	EndGlobalSection
EndGlobal
