
Microsoft Visual Studio Solution File, Format Version 12.00
# Visual Studio 15
VisualStudioVersion = 15.0.26228.4
MinimumVisualStudioVersion = 10.0.40219.1
Project("{FAE04EC0-301F-11D3-BF4B-00C04F79EFBC}") = "CapnpNet", "capnpnet\CapnpNet.csproj", "{E83F472A-663E-4B5E-815D-90D066681352}"
EndProject
Project("{FAE04EC0-301F-11D3-BF4B-00C04F79EFBC}") = "CapnpNet.Test", "CapnpNet.Test\CapnpNet.Test.csproj", "{6E64A2D7-C66C-41F3-A3DB-33340E6947A8}"
EndProject
Project("{FAE04EC0-301F-11D3-BF4B-00C04F79EFBC}") = "CapnpNet.Schema", "CapnpNet.Schema\CapnpNet.Schema.csproj", "{72C230D6-6494-4F3E-BBB0-416DB2E91CC5}"
EndProject
Project("{FAE04EC0-301F-11D3-BF4B-00C04F79EFBC}") = "CapnpNet.Schema.Compiler", "CapnpNet.Schema.Compiler\CapnpNet.Schema.Compiler.csproj", "{920CA392-B6BB-460C-A66D-A0EF0963B4E5}"
EndProject
Global
	GlobalSection(SolutionConfigurationPlatforms) = preSolution
		Debug|Any CPU = Debug|Any CPU
		Release|Any CPU = Release|Any CPU
	EndGlobalSection
	GlobalSection(ProjectConfigurationPlatforms) = postSolution
		{E83F472A-663E-4B5E-815D-90D066681352}.Debug|Any CPU.ActiveCfg = Debug|Any CPU
		{E83F472A-663E-4B5E-815D-90D066681352}.Debug|Any CPU.Build.0 = Debug|Any CPU
		{E83F472A-663E-4B5E-815D-90D066681352}.Release|Any CPU.ActiveCfg = Release|Any CPU
		{E83F472A-663E-4B5E-815D-90D066681352}.Release|Any CPU.Build.0 = Release|Any CPU
		{6E64A2D7-C66C-41F3-A3DB-33340E6947A8}.Debug|Any CPU.ActiveCfg = Debug|Any CPU
		{6E64A2D7-C66C-41F3-A3DB-33340E6947A8}.Debug|Any CPU.Build.0 = Debug|Any CPU
		{6E64A2D7-C66C-41F3-A3DB-33340E6947A8}.Release|Any CPU.ActiveCfg = Release|Any CPU
		{6E64A2D7-C66C-41F3-A3DB-33340E6947A8}.Release|Any CPU.Build.0 = Release|Any CPU
		{72C230D6-6494-4F3E-BBB0-416DB2E91CC5}.Debug|Any CPU.ActiveCfg = Debug|Any CPU
		{72C230D6-6494-4F3E-BBB0-416DB2E91CC5}.Debug|Any CPU.Build.0 = Debug|Any CPU
		{72C230D6-6494-4F3E-BBB0-416DB2E91CC5}.Release|Any CPU.ActiveCfg = Release|Any CPU
		{72C230D6-6494-4F3E-BBB0-416DB2E91CC5}.Release|Any CPU.Build.0 = Release|Any CPU
		{920CA392-B6BB-460C-A66D-A0EF0963B4E5}.Debug|Any CPU.ActiveCfg = Debug|Any CPU
		{920CA392-B6BB-460C-A66D-A0EF0963B4E5}.Debug|Any CPU.Build.0 = Debug|Any CPU
		{920CA392-B6BB-460C-A66D-A0EF0963B4E5}.Release|Any CPU.ActiveCfg = Release|Any CPU
		{920CA392-B6BB-460C-A66D-A0EF0963B4E5}.Release|Any CPU.Build.0 = Release|Any CPU
	EndGlobalSection
	GlobalSection(SolutionProperties) = preSolution
		HideSolutionNode = FALSE
	EndGlobalSection
EndGlobal
